
Microsoft Visual Studio Solution File, Format Version 12.00
# Visual Studio Version 17
VisualStudioVersion = 17.5.33530.505
MinimumVisualStudioVersion = 10.0.40219.1
Project("{9A19103F-16F7-4668-BE54-9A1E7A4F7556}") = "AndreTurismoMicroServico", "AndreTurismoMicroServico\AndreTurismoMicroServico.csproj", "{69BDEFFC-FC82-4B2C-BEFD-69437E1EAE0F}"
EndProject
Project("{9A19103F-16F7-4668-BE54-9A1E7A4F7556}") = "Models", "Models\Models.csproj", "{E51AD915-5AE7-4778-98B6-CDE3035046BA}"
EndProject
Project("{9A19103F-16F7-4668-BE54-9A1E7A4F7556}") = "AndreTurismoMicroServico.AddressService", "AndreTurismoMicroServico.AddressService\AndreTurismoMicroServico.AddressService.csproj", "{FCC90538-0B2C-4940-B675-78581924ED62}"
EndProject
Project("{9A19103F-16F7-4668-BE54-9A1E7A4F7556}") = "Services", "Services\Services.csproj", "{65D69A85-BE9E-4AC8-8F19-1932EF7D5EE3}"
EndProject
Project("{9A19103F-16F7-4668-BE54-9A1E7A4F7556}") = "AndreTurismoMicroServico.CityService", "AndreTurismoMicroServico.CityService\AndreTurismoMicroServico.CityService.csproj", "{15A54FE6-9FEF-4E19-AF18-B9302BE02C23}"
EndProject
Project("{9A19103F-16F7-4668-BE54-9A1E7A4F7556}") = "AndreTurismoMicroServico.HotelService", "AndreTurismoMicroServico.HotelService\AndreTurismoMicroServico.HotelService.csproj", "{C6A72219-1030-4D86-B810-D7A929DCC6C8}"
EndProject
Project("{9A19103F-16F7-4668-BE54-9A1E7A4F7556}") = "AndreTurismoMicroServico.ClientService", "AndreTurismoMicroServico.ClientService\AndreTurismoMicroServico.ClientService.csproj", "{4D7E9251-BD08-4D73-906C-529827A0AEF7}"
EndProject
Project("{9A19103F-16F7-4668-BE54-9A1E7A4F7556}") = "AndreTurismoMicroServico.TicketService", "AndreTurismoMicroServico.TicketService\AndreTurismoMicroServico.TicketService.csproj", "{D3A7556C-7CF8-4C98-BA84-085CBC4E3B32}"
EndProject
Project("{9A19103F-16F7-4668-BE54-9A1E7A4F7556}") = "AndreTurismoMicroServico.PackageService", "AndreTurismoMicroServico.PackageService\AndreTurismoMicroServico.PackageService.csproj", "{FD1ACA03-FD6F-48F4-9BDE-23B304512FF1}"
EndProject
Project("{FAE04EC0-301F-11D3-BF4B-00C04F79EFBC}") = "UnitTestAddress", "UniteTestAddress\UnitTestAddress.csproj", "{84D6BAF2-2E87-4990-A403-C1974989DE82}"
EndProject
Project("{FAE04EC0-301F-11D3-BF4B-00C04F79EFBC}") = "UnitTestCity", "UnitTestCity\UnitTestCity.csproj", "{D5429E8A-D30D-42BC-B5AC-D30C13498FCA}"
EndProject
Project("{FAE04EC0-301F-11D3-BF4B-00C04F79EFBC}") = "UnitTestClient", "UnitTestClient\UnitTestClient.csproj", "{F94F11C2-38E2-446F-86EE-CFA54C43A16A}"
EndProject
Global
	GlobalSection(SolutionConfigurationPlatforms) = preSolution
		Debug|Any CPU = Debug|Any CPU
		Release|Any CPU = Release|Any CPU
	EndGlobalSection
	GlobalSection(ProjectConfigurationPlatforms) = postSolution
		{69BDEFFC-FC82-4B2C-BEFD-69437E1EAE0F}.Debug|Any CPU.ActiveCfg = Debug|Any CPU
		{69BDEFFC-FC82-4B2C-BEFD-69437E1EAE0F}.Debug|Any CPU.Build.0 = Debug|Any CPU
		{69BDEFFC-FC82-4B2C-BEFD-69437E1EAE0F}.Release|Any CPU.ActiveCfg = Release|Any CPU
		{69BDEFFC-FC82-4B2C-BEFD-69437E1EAE0F}.Release|Any CPU.Build.0 = Release|Any CPU
		{E51AD915-5AE7-4778-98B6-CDE3035046BA}.Debug|Any CPU.ActiveCfg = Debug|Any CPU
		{E51AD915-5AE7-4778-98B6-CDE3035046BA}.Debug|Any CPU.Build.0 = Debug|Any CPU
		{E51AD915-5AE7-4778-98B6-CDE3035046BA}.Release|Any CPU.ActiveCfg = Release|Any CPU
		{E51AD915-5AE7-4778-98B6-CDE3035046BA}.Release|Any CPU.Build.0 = Release|Any CPU
		{FCC90538-0B2C-4940-B675-78581924ED62}.Debug|Any CPU.ActiveCfg = Debug|Any CPU
		{FCC90538-0B2C-4940-B675-78581924ED62}.Debug|Any CPU.Build.0 = Debug|Any CPU
		{FCC90538-0B2C-4940-B675-78581924ED62}.Release|Any CPU.ActiveCfg = Release|Any CPU
		{FCC90538-0B2C-4940-B675-78581924ED62}.Release|Any CPU.Build.0 = Release|Any CPU
		{65D69A85-BE9E-4AC8-8F19-1932EF7D5EE3}.Debug|Any CPU.ActiveCfg = Debug|Any CPU
		{65D69A85-BE9E-4AC8-8F19-1932EF7D5EE3}.Debug|Any CPU.Build.0 = Debug|Any CPU
		{65D69A85-BE9E-4AC8-8F19-1932EF7D5EE3}.Release|Any CPU.ActiveCfg = Release|Any CPU
		{65D69A85-BE9E-4AC8-8F19-1932EF7D5EE3}.Release|Any CPU.Build.0 = Release|Any CPU
		{15A54FE6-9FEF-4E19-AF18-B9302BE02C23}.Debug|Any CPU.ActiveCfg = Debug|Any CPU
		{15A54FE6-9FEF-4E19-AF18-B9302BE02C23}.Debug|Any CPU.Build.0 = Debug|Any CPU
		{15A54FE6-9FEF-4E19-AF18-B9302BE02C23}.Release|Any CPU.ActiveCfg = Release|Any CPU
		{15A54FE6-9FEF-4E19-AF18-B9302BE02C23}.Release|Any CPU.Build.0 = Release|Any CPU
		{C6A72219-1030-4D86-B810-D7A929DCC6C8}.Debug|Any CPU.ActiveCfg = Debug|Any CPU
		{C6A72219-1030-4D86-B810-D7A929DCC6C8}.Debug|Any CPU.Build.0 = Debug|Any CPU
		{C6A72219-1030-4D86-B810-D7A929DCC6C8}.Release|Any CPU.ActiveCfg = Release|Any CPU
		{C6A72219-1030-4D86-B810-D7A929DCC6C8}.Release|Any CPU.Build.0 = Release|Any CPU
		{4D7E9251-BD08-4D73-906C-529827A0AEF7}.Debug|Any CPU.ActiveCfg = Debug|Any CPU
		{4D7E9251-BD08-4D73-906C-529827A0AEF7}.Debug|Any CPU.Build.0 = Debug|Any CPU
		{4D7E9251-BD08-4D73-906C-529827A0AEF7}.Release|Any CPU.ActiveCfg = Release|Any CPU
		{4D7E9251-BD08-4D73-906C-529827A0AEF7}.Release|Any CPU.Build.0 = Release|Any CPU
		{D3A7556C-7CF8-4C98-BA84-085CBC4E3B32}.Debug|Any CPU.ActiveCfg = Debug|Any CPU
		{D3A7556C-7CF8-4C98-BA84-085CBC4E3B32}.Debug|Any CPU.Build.0 = Debug|Any CPU
		{D3A7556C-7CF8-4C98-BA84-085CBC4E3B32}.Release|Any CPU.ActiveCfg = Release|Any CPU
		{D3A7556C-7CF8-4C98-BA84-085CBC4E3B32}.Release|Any CPU.Build.0 = Release|Any CPU
		{FD1ACA03-FD6F-48F4-9BDE-23B304512FF1}.Debug|Any CPU.ActiveCfg = Debug|Any CPU
		{FD1ACA03-FD6F-48F4-9BDE-23B304512FF1}.Debug|Any CPU.Build.0 = Debug|Any CPU
		{FD1ACA03-FD6F-48F4-9BDE-23B304512FF1}.Release|Any CPU.ActiveCfg = Release|Any CPU
		{FD1ACA03-FD6F-48F4-9BDE-23B304512FF1}.Release|Any CPU.Build.0 = Release|Any CPU
		{84D6BAF2-2E87-4990-A403-C1974989DE82}.Debug|Any CPU.ActiveCfg = Debug|Any CPU
		{84D6BAF2-2E87-4990-A403-C1974989DE82}.Debug|Any CPU.Build.0 = Debug|Any CPU
		{84D6BAF2-2E87-4990-A403-C1974989DE82}.Release|Any CPU.ActiveCfg = Release|Any CPU
		{84D6BAF2-2E87-4990-A403-C1974989DE82}.Release|Any CPU.Build.0 = Release|Any CPU
		{D5429E8A-D30D-42BC-B5AC-D30C13498FCA}.Debug|Any CPU.ActiveCfg = Debug|Any CPU
		{D5429E8A-D30D-42BC-B5AC-D30C13498FCA}.Debug|Any CPU.Build.0 = Debug|Any CPU
		{D5429E8A-D30D-42BC-B5AC-D30C13498FCA}.Release|Any CPU.ActiveCfg = Release|Any CPU
		{D5429E8A-D30D-42BC-B5AC-D30C13498FCA}.Release|Any CPU.Build.0 = Release|Any CPU
		{F94F11C2-38E2-446F-86EE-CFA54C43A16A}.Debug|Any CPU.ActiveCfg = Debug|Any CPU
		{F94F11C2-38E2-446F-86EE-CFA54C43A16A}.Debug|Any CPU.Build.0 = Debug|Any CPU
		{F94F11C2-38E2-446F-86EE-CFA54C43A16A}.Release|Any CPU.ActiveCfg = Release|Any CPU
		{F94F11C2-38E2-446F-86EE-CFA54C43A16A}.Release|Any CPU.Build.0 = Release|Any CPU
	EndGlobalSection
	GlobalSection(SolutionProperties) = preSolution
		HideSolutionNode = FALSE
	EndGlobalSection
	GlobalSection(ExtensibilityGlobals) = postSolution
		SolutionGuid = {5AAAAA0E-74EF-41EC-906E-0702F037D4D8}
	EndGlobalSection
EndGlobal
